
Microsoft Visual Studio Solution File, Format Version 12.00
# Visual Studio 14
VisualStudioVersion = 14.0.23107.0
MinimumVisualStudioVersion = 10.0.40219.1
Project("{FAE04EC0-301F-11D3-BF4B-00C04F79EFBC}") = "TestExecutive", "RemoteNoSQLDB\TestExecutive.csproj", "{FA6E4905-2B89-4B5C-838A-27ACFDB0F847}"
EndProject
Project("{FAE04EC0-301F-11D3-BF4B-00C04F79EFBC}") = "NoSQLDB", "NoSQLDB\NoSQLDB.csproj", "{302387E9-8797-458B-9629-84A363719745}"
EndProject
Project("{FAE04EC0-301F-11D3-BF4B-00C04F79EFBC}") = "Communication Channel", "Communication Channel\Communication Channel.csproj", "{700B3760-087B-4349-B340-AF4CBD4458C1}"
EndProject
Project("{FAE04EC0-301F-11D3-BF4B-00C04F79EFBC}") = "Read Client", "Read Client\Read Client.csproj", "{7B5AD43A-41AA-4139-B0B3-4AECC83CD539}"
EndProject
Project("{FAE04EC0-301F-11D3-BF4B-00C04F79EFBC}") = "WriteClient", "Write Client\WriteClient.csproj", "{85616C9C-43AB-4BB4-9486-95041D73545D}"
EndProject
Project("{FAE04EC0-301F-11D3-BF4B-00C04F79EFBC}") = "Server", "Server\Server.csproj", "{142A69AE-DE3C-4BEF-A4CF-67F278A01273}"
EndProject
Project("{FAE04EC0-301F-11D3-BF4B-00C04F79EFBC}") = "GUI-Client", "GUI-Client\GUI-Client.csproj", "{9BBA5513-0C2A-4F76-AE5E-D6CE88BAF611}"
EndProject
Global
	GlobalSection(SolutionConfigurationPlatforms) = preSolution
		Debug|Any CPU = Debug|Any CPU
		Release|Any CPU = Release|Any CPU
	EndGlobalSection
	GlobalSection(ProjectConfigurationPlatforms) = postSolution
		{FA6E4905-2B89-4B5C-838A-27ACFDB0F847}.Debug|Any CPU.ActiveCfg = Debug|Any CPU
		{FA6E4905-2B89-4B5C-838A-27ACFDB0F847}.Debug|Any CPU.Build.0 = Debug|Any CPU
		{FA6E4905-2B89-4B5C-838A-27ACFDB0F847}.Release|Any CPU.ActiveCfg = Release|Any CPU
		{FA6E4905-2B89-4B5C-838A-27ACFDB0F847}.Release|Any CPU.Build.0 = Release|Any CPU
		{302387E9-8797-458B-9629-84A363719745}.Debug|Any CPU.ActiveCfg = Debug|Any CPU
		{302387E9-8797-458B-9629-84A363719745}.Debug|Any CPU.Build.0 = Debug|Any CPU
		{302387E9-8797-458B-9629-84A363719745}.Release|Any CPU.ActiveCfg = Release|Any CPU
		{302387E9-8797-458B-9629-84A363719745}.Release|Any CPU.Build.0 = Release|Any CPU
		{700B3760-087B-4349-B340-AF4CBD4458C1}.Debug|Any CPU.ActiveCfg = Debug|Any CPU
		{700B3760-087B-4349-B340-AF4CBD4458C1}.Debug|Any CPU.Build.0 = Debug|Any CPU
		{700B3760-087B-4349-B340-AF4CBD4458C1}.Release|Any CPU.ActiveCfg = Release|Any CPU
		{700B3760-087B-4349-B340-AF4CBD4458C1}.Release|Any CPU.Build.0 = Release|Any CPU
		{7B5AD43A-41AA-4139-B0B3-4AECC83CD539}.Debug|Any CPU.ActiveCfg = Debug|Any CPU
		{7B5AD43A-41AA-4139-B0B3-4AECC83CD539}.Debug|Any CPU.Build.0 = Debug|Any CPU
		{7B5AD43A-41AA-4139-B0B3-4AECC83CD539}.Release|Any CPU.ActiveCfg = Release|Any CPU
		{7B5AD43A-41AA-4139-B0B3-4AECC83CD539}.Release|Any CPU.Build.0 = Release|Any CPU
		{85616C9C-43AB-4BB4-9486-95041D73545D}.Debug|Any CPU.ActiveCfg = Debug|Any CPU
		{85616C9C-43AB-4BB4-9486-95041D73545D}.Debug|Any CPU.Build.0 = Debug|Any CPU
		{85616C9C-43AB-4BB4-9486-95041D73545D}.Release|Any CPU.ActiveCfg = Release|Any CPU
		{85616C9C-43AB-4BB4-9486-95041D73545D}.Release|Any CPU.Build.0 = Release|Any CPU
		{142A69AE-DE3C-4BEF-A4CF-67F278A01273}.Debug|Any CPU.ActiveCfg = Debug|Any CPU
		{142A69AE-DE3C-4BEF-A4CF-67F278A01273}.Debug|Any CPU.Build.0 = Debug|Any CPU
		{142A69AE-DE3C-4BEF-A4CF-67F278A01273}.Release|Any CPU.ActiveCfg = Release|Any CPU
		{142A69AE-DE3C-4BEF-A4CF-67F278A01273}.Release|Any CPU.Build.0 = Release|Any CPU
		{9BBA5513-0C2A-4F76-AE5E-D6CE88BAF611}.Debug|Any CPU.ActiveCfg = Debug|Any CPU
		{9BBA5513-0C2A-4F76-AE5E-D6CE88BAF611}.Debug|Any CPU.Build.0 = Debug|Any CPU
		{9BBA5513-0C2A-4F76-AE5E-D6CE88BAF611}.Release|Any CPU.ActiveCfg = Release|Any CPU
		{9BBA5513-0C2A-4F76-AE5E-D6CE88BAF611}.Release|Any CPU.Build.0 = Release|Any CPU
	EndGlobalSection
	GlobalSection(SolutionProperties) = preSolution
		HideSolutionNode = FALSE
	EndGlobalSection
EndGlobal
